
Microsoft Visual Studio Solution File, Format Version 12.00
# Visual Studio Version 16
VisualStudioVersion = 16.0.810.21
MinimumVisualStudioVersion = 10.0.40219.1
Project("{FAE04EC0-301F-11D3-BF4B-00C04F79EFBC}") = "SerializationTry", "SerializationTry\SerializationTry.csproj", "{76833177-A594-4212-9F6F-2BB053A51035}"
EndProject
Global
	GlobalSection(SolutionConfigurationPlatforms) = preSolution
		Debug|Any CPU = Debug|Any CPU
		Release|Any CPU = Release|Any CPU
	EndGlobalSection
	GlobalSection(ProjectConfigurationPlatforms) = postSolution
		{76833177-A594-4212-9F6F-2BB053A51035}.Debug|Any CPU.ActiveCfg = Debug|Any CPU
		{76833177-A594-4212-9F6F-2BB053A51035}.Debug|Any CPU.Build.0 = Debug|Any CPU
		{76833177-A594-4212-9F6F-2BB053A51035}.Release|Any CPU.ActiveCfg = Release|Any CPU
		{76833177-A594-4212-9F6F-2BB053A51035}.Release|Any CPU.Build.0 = Release|Any CPU
	EndGlobalSection
	GlobalSection(SolutionProperties) = preSolution
		HideSolutionNode = FALSE
	EndGlobalSection
	GlobalSection(ExtensibilityGlobals) = postSolution
		SolutionGuid = {60B8B0AE-87FF-46A1-8CE4-A861BB364E95}
	EndGlobalSection
EndGlobal
